
Microsoft Visual Studio Solution File, Format Version 12.00
# Visual Studio Version 16
VisualStudioVersion = 25.0.1704.2
MinimumVisualStudioVersion = 10.0.40219.1
Project("{FAE04EC0-301F-11D3-BF4B-00C04F79EFBC}") = "Dio.Formação_DotNET_Dev_Enterprise", "Dio.Formação_DotNET_Dev_Enterprise.csproj", "{18E8934A-6176-48C5-82BF-C7FC57449C6A}"
EndProject
Global
	GlobalSection(SolutionConfigurationPlatforms) = preSolution
		Debug|Any CPU = Debug|Any CPU
		Release|Any CPU = Release|Any CPU
	EndGlobalSection
	GlobalSection(ProjectConfigurationPlatforms) = postSolution
		{18E8934A-6176-48C5-82BF-C7FC57449C6A}.Debug|Any CPU.ActiveCfg = Debug|Any CPU
		{18E8934A-6176-48C5-82BF-C7FC57449C6A}.Debug|Any CPU.Build.0 = Debug|Any CPU
		{18E8934A-6176-48C5-82BF-C7FC57449C6A}.Release|Any CPU.ActiveCfg = Release|Any CPU
		{18E8934A-6176-48C5-82BF-C7FC57449C6A}.Release|Any CPU.Build.0 = Release|Any CPU
	EndGlobalSection
	GlobalSection(SolutionProperties) = preSolution
		HideSolutionNode = FALSE
	EndGlobalSection
	GlobalSection(ExtensibilityGlobals) = postSolution
		SolutionGuid = {27F7072A-CC9D-41C5-B836-C36C275C0964}
	EndGlobalSection
EndGlobal
